// !$*UTF8*$!
{
	archiveVersion = 1;
	classes = {
	};
	objectVersion = 55;
	objects = {

/* Begin PBXBuildFile section */
		40AC056628BC64DC0033484F /* AppDelegate.swift in Sources */ = {isa = PBXBuildFile; fileRef = 40AC056528BC64DC0033484F /* AppDelegate.swift */; };
		40AC056828BC64DC0033484F /* SceneDelegate.swift in Sources */ = {isa = PBXBuildFile; fileRef = 40AC056728BC64DC0033484F /* SceneDelegate.swift */; };
		40AC056A28BC64DC0033484F /* ViewController.swift in Sources */ = {isa = PBXBuildFile; fileRef = 40AC056928BC64DC0033484F /* ViewController.swift */; };
		40AC056D28BC64DC0033484F /* Main.storyboard in Resources */ = {isa = PBXBuildFile; fileRef = 40AC056B28BC64DC0033484F /* Main.storyboard */; };
		40AC056F28BC64DF0033484F /* Assets.xcassets in Resources */ = {isa = PBXBuildFile; fileRef = 40AC056E28BC64DF0033484F /* Assets.xcassets */; };
		40AC057228BC64DF0033484F /* LaunchScreen.storyboard in Resources */ = {isa = PBXBuildFile; fileRef = 40AC057028BC64DF0033484F /* LaunchScreen.storyboard */; };
		40AC057A28BC807B0033484F /* ResultViewController.swift in Sources */ = {isa = PBXBuildFile; fileRef = 40AC057928BC807B0033484F /* ResultViewController.swift */; };
		40AC057C28BC90DA0033484F /* FirstViewController.swift in Sources */ = {isa = PBXBuildFile; fileRef = 40AC057B28BC90DA0033484F /* FirstViewController.swift */; };
		40C4A67328C0E4710051D2EC /* FirebaseFirestore in Frameworks */ = {isa = PBXBuildFile; productRef = 40C4A67228C0E4710051D2EC /* FirebaseFirestore */; };
		40C4A67528C0E97D0051D2EC /* GoogleService-Info.plist in Resources */ = {isa = PBXBuildFile; fileRef = 40C4A67428C0E97D0051D2EC /* GoogleService-Info.plist */; };
		40C4A68128C395DD0051D2EC /* TableViewCell.swift in Sources */ = {isa = PBXBuildFile; fileRef = 40C4A67F28C395DD0051D2EC /* TableViewCell.swift */; };
		40C4A68228C395DD0051D2EC /* TableViewCell.xib in Resources */ = {isa = PBXBuildFile; fileRef = 40C4A68028C395DD0051D2EC /* TableViewCell.xib */; };
/* End PBXBuildFile section */

/* Begin PBXFileReference section */
		40AC056228BC64DC0033484F /* renda2.app */ = {isa = PBXFileReference; explicitFileType = wrapper.application; includeInIndex = 0; path = renda2.app; sourceTree = BUILT_PRODUCTS_DIR; };
		40AC056528BC64DC0033484F /* AppDelegate.swift */ = {isa = PBXFileReference; lastKnownFileType = sourcecode.swift; path = AppDelegate.swift; sourceTree = "<group>"; };
		40AC056728BC64DC0033484F /* SceneDelegate.swift */ = {isa = PBXFileReference; lastKnownFileType = sourcecode.swift; path = SceneDelegate.swift; sourceTree = "<group>"; };
		40AC056928BC64DC0033484F /* ViewController.swift */ = {isa = PBXFileReference; lastKnownFileType = sourcecode.swift; path = ViewController.swift; sourceTree = "<group>"; };
		40AC056C28BC64DC0033484F /* Base */ = {isa = PBXFileReference; lastKnownFileType = file.storyboard; name = Base; path = Base.lproj/Main.storyboard; sourceTree = "<group>"; };
		40AC056E28BC64DF0033484F /* Assets.xcassets */ = {isa = PBXFileReference; lastKnownFileType = folder.assetcatalog; path = Assets.xcassets; sourceTree = "<group>"; };
		40AC057128BC64DF0033484F /* Base */ = {isa = PBXFileReference; lastKnownFileType = file.storyboard; name = Base; path = Base.lproj/LaunchScreen.storyboard; sourceTree = "<group>"; };
		40AC057328BC64DF0033484F /* Info.plist */ = {isa = PBXFileReference; lastKnownFileType = text.plist.xml; path = Info.plist; sourceTree = "<group>"; };
		40AC057928BC807B0033484F /* ResultViewController.swift */ = {isa = PBXFileReference; lastKnownFileType = sourcecode.swift; path = ResultViewController.swift; sourceTree = "<group>"; };
		40AC057B28BC90DA0033484F /* FirstViewController.swift */ = {isa = PBXFileReference; lastKnownFileType = sourcecode.swift; path = FirstViewController.swift; sourceTree = "<group>"; };
		40C4A67428C0E97D0051D2EC /* GoogleService-Info.plist */ = {isa = PBXFileReference; fileEncoding = 4; lastKnownFileType = text.plist.xml; path = "GoogleService-Info.plist"; sourceTree = "<group>"; };
		40C4A67E28C3921E0051D2EC /* ヒラギノ丸ゴ ProN W4.ttc */ = {isa = PBXFileReference; lastKnownFileType = file; path = "ヒラギノ丸ゴ ProN W4.ttc"; sourceTree = "<group>"; };
		40C4A67F28C395DD0051D2EC /* TableViewCell.swift */ = {isa = PBXFileReference; lastKnownFileType = sourcecode.swift; path = TableViewCell.swift; sourceTree = "<group>"; };
		40C4A68028C395DD0051D2EC /* TableViewCell.xib */ = {isa = PBXFileReference; lastKnownFileType = file.xib; path = TableViewCell.xib; sourceTree = "<group>"; };
/* End PBXFileReference section */

/* Begin PBXFrameworksBuildPhase section */
		40AC055F28BC64DC0033484F /* Frameworks */ = {
			isa = PBXFrameworksBuildPhase;
			buildActionMask = 2147483647;
			files = (
				40C4A67328C0E4710051D2EC /* FirebaseFirestore in Frameworks */,
			);
			runOnlyForDeploymentPostprocessing = 0;
		};
/* End PBXFrameworksBuildPhase section */

/* Begin PBXGroup section */
		40AC055928BC64DC0033484F = {
			isa = PBXGroup;
			children = (
				40AC056428BC64DC0033484F /* renda2 */,
				40AC056328BC64DC0033484F /* Products */,
			);
			sourceTree = "<group>";
		};
		40AC056328BC64DC0033484F /* Products */ = {
			isa = PBXGroup;
			children = (
				40AC056228BC64DC0033484F /* renda2.app */,
			);
			name = Products;
			sourceTree = "<group>";
		};
		40AC056428BC64DC0033484F /* renda2 */ = {
			isa = PBXGroup;
			children = (
				40AC056528BC64DC0033484F /* AppDelegate.swift */,
				40AC056728BC64DC0033484F /* SceneDelegate.swift */,
				40AC057B28BC90DA0033484F /* FirstViewController.swift */,
				40AC056928BC64DC0033484F /* ViewController.swift */,
				40AC057928BC807B0033484F /* ResultViewController.swift */,
				40C4A67F28C395DD0051D2EC /* TableViewCell.swift */,
				40C4A68028C395DD0051D2EC /* TableViewCell.xib */,
				40AC056B28BC64DC0033484F /* Main.storyboard */,
				40AC056E28BC64DF0033484F /* Assets.xcassets */,
				40AC057028BC64DF0033484F /* LaunchScreen.storyboard */,
				40AC057328BC64DF0033484F /* Info.plist */,
				40C4A67428C0E97D0051D2EC /* GoogleService-Info.plist */,
				40C4A67E28C3921E0051D2EC /* ヒラギノ丸ゴ ProN W4.ttc */,
			);
			path = renda2;
			sourceTree = "<group>";
		};
/* End PBXGroup section */

/* Begin PBXNativeTarget section */
		40AC056128BC64DC0033484F /* renda2 */ = {
			isa = PBXNativeTarget;
			buildConfigurationList = 40AC057628BC64DF0033484F /* Build configuration list for PBXNativeTarget "renda2" */;
			buildPhases = (
				40AC055E28BC64DC0033484F /* Sources */,
				40AC055F28BC64DC0033484F /* Frameworks */,
				40AC056028BC64DC0033484F /* Resources */,
			);
			buildRules = (
			);
			dependencies = (
			);
			name = renda2;
			packageProductDependencies = (
				40C4A67228C0E4710051D2EC /* FirebaseFirestore */,
			);
			productName = renda2;
			productReference = 40AC056228BC64DC0033484F /* renda2.app */;
			productType = "com.apple.product-type.application";
		};
/* End PBXNativeTarget section */

/* Begin PBXProject section */
		40AC055A28BC64DC0033484F /* Project object */ = {
			isa = PBXProject;
			attributes = {
				BuildIndependentTargetsInParallel = 1;
				LastSwiftUpdateCheck = 1340;
				LastUpgradeCheck = 1340;
				TargetAttributes = {
					40AC056128BC64DC0033484F = {
						CreatedOnToolsVersion = 13.4;
					};
				};
			};
			buildConfigurationList = 40AC055D28BC64DC0033484F /* Build configuration list for PBXProject "renda2" */;
			compatibilityVersion = "Xcode 13.0";
			developmentRegion = en;
			hasScannedForEncodings = 0;
			knownRegions = (
				en,
				Base,
			);
			mainGroup = 40AC055928BC64DC0033484F;
			packageReferences = (
				40C4A67128C0E4710051D2EC /* XCRemoteSwiftPackageReference "firebase-ios-sdk" */,
			);
			productRefGroup = 40AC056328BC64DC0033484F /* Products */;
			projectDirPath = "";
			projectRoot = "";
			targets = (
				40AC056128BC64DC0033484F /* renda2 */,
			);
		};
/* End PBXProject section */

/* Begin PBXResourcesBuildPhase section */
		40AC056028BC64DC0033484F /* Resources */ = {
			isa = PBXResourcesBuildPhase;
			buildActionMask = 2147483647;
			files = (
				40C4A67528C0E97D0051D2EC /* GoogleService-Info.plist in Resources */,
				40C4A68228C395DD0051D2EC /* TableViewCell.xib in Resources */,
				40AC057228BC64DF0033484F /* LaunchScreen.storyboard in Resources */,
				40AC056F28BC64DF0033484F /* Assets.xcassets in Resources */,
				40AC056D28BC64DC0033484F /* Main.storyboard in Resources */,
			);
			runOnlyForDeploymentPostprocessing = 0;
		};
/* End PBXResourcesBuildPhase section */

/* Begin PBXSourcesBuildPhase section */
		40AC055E28BC64DC0033484F /* Sources */ = {
			isa = PBXSourcesBuildPhase;
			buildActionMask = 2147483647;
			files = (
				40AC057C28BC90DA0033484F /* FirstViewController.swift in Sources */,
				40AC056A28BC64DC0033484F /* ViewController.swift in Sources */,
				40AC056628BC64DC0033484F /* AppDelegate.swift in Sources */,
				40C4A68128C395DD0051D2EC /* TableViewCell.swift in Sources */,
				40AC056828BC64DC0033484F /* SceneDelegate.swift in Sources */,
				40AC057A28BC807B0033484F /* ResultViewController.swift in Sources */,
			);
			runOnlyForDeploymentPostprocessing = 0;
		};
/* End PBXSourcesBuildPhase section */

/* Begin PBXVariantGroup section */
		40AC056B28BC64DC0033484F /* Main.storyboard */ = {
			isa = PBXVariantGroup;
			children = (
				40AC056C28BC64DC0033484F /* Base */,
			);
			name = Main.storyboard;
			sourceTree = "<group>";
		};
		40AC057028BC64DF0033484F /* LaunchScreen.storyboard */ = {
			isa = PBXVariantGroup;
			children = (
				40AC057128BC64DF0033484F /* Base */,
			);
			name = LaunchScreen.storyboard;
			sourceTree = "<group>";
		};
/* End PBXVariantGroup section */

/* Begin XCBuildConfiguration section */
		40AC057428BC64DF0033484F /* Debug */ = {
			isa = XCBuildConfiguration;
			buildSettings = {
				ALWAYS_SEARCH_USER_PATHS = NO;
				CLANG_ANALYZER_NONNULL = YES;
				CLANG_ANALYZER_NUMBER_OBJECT_CONVERSION = YES_AGGRESSIVE;
				CLANG_CXX_LANGUAGE_STANDARD = "gnu++17";
				CLANG_ENABLE_MODULES = YES;
				CLANG_ENABLE_OBJC_ARC = YES;
				CLANG_ENABLE_OBJC_WEAK = YES;
				CLANG_WARN_BLOCK_CAPTURE_AUTORELEASING = YES;
				CLANG_WARN_BOOL_CONVERSION = YES;
				CLANG_WARN_COMMA = YES;
				CLANG_WARN_CONSTANT_CONVERSION = YES;
				CLANG_WARN_DEPRECATED_OBJC_IMPLEMENTATIONS = YES;
				CLANG_WARN_DIRECT_OBJC_ISA_USAGE = YES_ERROR;
				CLANG_WARN_DOCUMENTATION_COMMENTS = YES;
				CLANG_WARN_EMPTY_BODY = YES;
				CLANG_WARN_ENUM_CONVERSION = YES;
				CLANG_WARN_INFINITE_RECURSION = YES;
				CLANG_WARN_INT_CONVERSION = YES;
				CLANG_WARN_NON_LITERAL_NULL_CONVERSION = YES;
				CLANG_WARN_OBJC_IMPLICIT_RETAIN_SELF = YES;
				CLANG_WARN_OBJC_LITERAL_CONVERSION = YES;
				CLANG_WARN_OBJC_ROOT_CLASS = YES_ERROR;
				CLANG_WARN_QUOTED_INCLUDE_IN_FRAMEWORK_HEADER = YES;
				CLANG_WARN_RANGE_LOOP_ANALYSIS = YES;
				CLANG_WARN_STRICT_PROTOTYPES = YES;
				CLANG_WARN_SUSPICIOUS_MOVE = YES;
				CLANG_WARN_UNGUARDED_AVAILABILITY = YES_AGGRESSIVE;
				CLANG_WARN_UNREACHABLE_CODE = YES;
				CLANG_WARN__DUPLICATE_METHOD_MATCH = YES;
				COPY_PHASE_STRIP = NO;
				DEBUG_INFORMATION_FORMAT = dwarf;
				ENABLE_STRICT_OBJC_MSGSEND = YES;
				ENABLE_TESTABILITY = YES;
				GCC_C_LANGUAGE_STANDARD = gnu11;
				GCC_DYNAMIC_NO_PIC = NO;
				GCC_NO_COMMON_BLOCKS = YES;
				GCC_OPTIMIZATION_LEVEL = 0;
				GCC_PREPROCESSOR_DEFINITIONS = (
					"DEBUG=1",
					"$(inherited)",
				);
				GCC_WARN_64_TO_32_BIT_CONVERSION = YES;
				GCC_WARN_ABOUT_RETURN_TYPE = YES_ERROR;
				GCC_WARN_UNDECLARED_SELECTOR = YES;
				GCC_WARN_UNINITIALIZED_AUTOS = YES_AGGRESSIVE;
				GCC_WARN_UNUSED_FUNCTION = YES;
				GCC_WARN_UNUSED_VARIABLE = YES;
				IPHONEOS_DEPLOYMENT_TARGET = 15.5;
				MTL_ENABLE_DEBUG_INFO = INCLUDE_SOURCE;
				MTL_FAST_MATH = YES;
				ONLY_ACTIVE_ARCH = YES;
				SDKROOT = iphoneos;
				SWIFT_ACTIVE_COMPILATION_CONDITIONS = DEBUG;
				SWIFT_OPTIMIZATION_LEVEL = "-Onone";
			};
			name = Debug;
		};
		40AC057528BC64DF0033484F /* Release */ = {
			isa = XCBuildConfiguration;
			buildSettings = {
				ALWAYS_SEARCH_USER_PATHS = NO;
				CLANG_ANALYZER_NONNULL = YES;
				CLANG_ANALYZER_NUMBER_OBJECT_CONVERSION = YES_AGGRESSIVE;
				CLANG_CXX_LANGUAGE_STANDARD = "gnu++17";
				CLANG_ENABLE_MODULES = YES;
				CLANG_ENABLE_OBJC_ARC = YES;
				CLANG_ENABLE_OBJC_WEAK = YES;
				CLANG_WARN_BLOCK_CAPTURE_AUTORELEASING = YES;
				CLANG_WARN_BOOL_CONVERSION = YES;
				CLANG_WARN_COMMA = YES;
				CLANG_WARN_CONSTANT_CONVERSION = YES;
				CLANG_WARN_DEPRECATED_OBJC_IMPLEMENTATIONS = YES;
				CLANG_WARN_DIRECT_OBJC_ISA_USAGE = YES_ERROR;
				CLANG_WARN_DOCUMENTATION_COMMENTS = YES;
				CLANG_WARN_EMPTY_BODY = YES;
				CLANG_WARN_ENUM_CONVERSION = YES;
				CLANG_WARN_INFINITE_RECURSION = YES;
				CLANG_WARN_INT_CONVERSION = YES;
				CLANG_WARN_NON_LITERAL_NULL_CONVERSION = YES;
				CLANG_WARN_OBJC_IMPLICIT_RETAIN_SELF = YES;
				CLANG_WARN_OBJC_LITERAL_CONVERSION = YES;
				CLANG_WARN_OBJC_ROOT_CLASS = YES_ERROR;
				CLANG_WARN_QUOTED_INCLUDE_IN_FRAMEWORK_HEADER = YES;
				CLANG_WARN_RANGE_LOOP_ANALYSIS = YES;
				CLANG_WARN_STRICT_PROTOTYPES = YES;
				CLANG_WARN_SUSPICIOUS_MOVE = YES;
				CLANG_WARN_UNGUARDED_AVAILABILITY = YES_AGGRESSIVE;
				CLANG_WARN_UNREACHABLE_CODE = YES;
				CLANG_WARN__DUPLICATE_METHOD_MATCH = YES;
				COPY_PHASE_STRIP = NO;
				DEBUG_INFORMATION_FORMAT = "dwarf-with-dsym";
				ENABLE_NS_ASSERTIONS = NO;
				ENABLE_STRICT_OBJC_MSGSEND = YES;
				GCC_C_LANGUAGE_STANDARD = gnu11;
				GCC_NO_COMMON_BLOCKS = YES;
				GCC_WARN_64_TO_32_BIT_CONVERSION = YES;
				GCC_WARN_ABOUT_RETURN_TYPE = YES_ERROR;
				GCC_WARN_UNDECLARED_SELECTOR = YES;
				GCC_WARN_UNINITIALIZED_AUTOS = YES_AGGRESSIVE;
				GCC_WARN_UNUSED_FUNCTION = YES;
				GCC_WARN_UNUSED_VARIABLE = YES;
				IPHONEOS_DEPLOYMENT_TARGET = 15.5;
				MTL_ENABLE_DEBUG_INFO = NO;
				MTL_FAST_MATH = YES;
				SDKROOT = iphoneos;
				SWIFT_COMPILATION_MODE = wholemodule;
				SWIFT_OPTIMIZATION_LEVEL = "-O";
				VALIDATE_PRODUCT = YES;
			};
			name = Release;
		};
		40AC057728BC64DF0033484F /* Debug */ = {
			isa = XCBuildConfiguration;
			buildSettings = {
				ASSETCATALOG_COMPILER_APPICON_NAME = AppIcon;
				ASSETCATALOG_COMPILER_GLOBAL_ACCENT_COLOR_NAME = AccentColor;
				CODE_SIGN_STYLE = Automatic;
				CURRENT_PROJECT_VERSION = 1;
				GENERATE_INFOPLIST_FILE = YES;
				INFOPLIST_FILE = renda2/Info.plist;
				INFOPLIST_KEY_UIApplicationSupportsIndirectInputEvents = YES;
				INFOPLIST_KEY_UILaunchStoryboardName = LaunchScreen;
				INFOPLIST_KEY_UIMainStoryboardFile = Main;
				INFOPLIST_KEY_UISupportedInterfaceOrientations_iPad = "UIInterfaceOrientationPortrait UIInterfaceOrientationPortraitUpsideDown UIInterfaceOrientationLandscapeLeft UIInterfaceOrientationLandscapeRight";
				INFOPLIST_KEY_UISupportedInterfaceOrientations_iPhone = "UIInterfaceOrientationPortrait UIInterfaceOrientationLandscapeLeft UIInterfaceOrientationLandscapeRight";
				LD_RUNPATH_SEARCH_PATHS = (
					"$(inherited)",
					"@executable_path/Frameworks",
				);
				MARKETING_VERSION = 1.0;
				PRODUCT_BUNDLE_IDENTIFIER = marina.renda2;
				PRODUCT_NAME = "$(TARGET_NAME)";
				SWIFT_EMIT_LOC_STRINGS = YES;
				SWIFT_VERSION = 5.0;
				TARGETED_DEVICE_FAMILY = "1,2";
			};
			name = Debug;
		};
		40AC057828BC64DF0033484F /* Release */ = {
			isa = XCBuildConfiguration;
			buildSettings = {
				ASSETCATALOG_COMPILER_APPICON_NAME = AppIcon;
				ASSETCATALOG_COMPILER_GLOBAL_ACCENT_COLOR_NAME = AccentColor;
				CODE_SIGN_STYLE = Automatic;
				CURRENT_PROJECT_VERSION = 1;
				GENERATE_INFOPLIST_FILE = YES;
				INFOPLIST_FILE = renda2/Info.plist;
				INFOPLIST_KEY_UIApplicationSupportsIndirectInputEvents = YES;
				INFOPLIST_KEY_UILaunchStoryboardName = LaunchScreen;
				INFOPLIST_KEY_UIMainStoryboardFile = Main;
				INFOPLIST_KEY_UISupportedInterfaceOrientations_iPad = "UIInterfaceOrientationPortrait UIInterfaceOrientationPortraitUpsideDown UIInterfaceOrientationLandscapeLeft UIInterfaceOrientationLandscapeRight";
				INFOPLIST_KEY_UISupportedInterfaceOrientations_iPhone = "UIInterfaceOrientationPortrait UIInterfaceOrientationLandscapeLeft UIInterfaceOrientationLandscapeRight";
				LD_RUNPATH_SEARCH_PATHS = (
					"$(inherited)",
					"@executable_path/Frameworks",
				);
				MARKETING_VERSION = 1.0;
				PRODUCT_BUNDLE_IDENTIFIER = marina.renda2;
				PRODUCT_NAME = "$(TARGET_NAME)";
				SWIFT_EMIT_LOC_STRINGS = YES;
				SWIFT_VERSION = 5.0;
				TARGETED_DEVICE_FAMILY = "1,2";
			};
			name = Release;
		};
/* End XCBuildConfiguration section */

/* Begin XCConfigurationList section */
		40AC055D28BC64DC0033484F /* Build configuration list for PBXProject "renda2" */ = {
			isa = XCConfigurationList;
			buildConfigurations = (
				40AC057428BC64DF0033484F /* Debug */,
				40AC057528BC64DF0033484F /* Release */,
			);
			defaultConfigurationIsVisible = 0;
			defaultConfigurationName = Release;
		};
		40AC057628BC64DF0033484F /* Build configuration list for PBXNativeTarget "renda2" */ = {
			isa = XCConfigurationList;
			buildConfigurations = (
				40AC057728BC64DF0033484F /* Debug */,
				40AC057828BC64DF0033484F /* Release */,
			);
			defaultConfigurationIsVisible = 0;
			defaultConfigurationName = Release;
		};
/* End XCConfigurationList section */

/* Begin XCRemoteSwiftPackageReference section */
		40C4A67128C0E4710051D2EC /* XCRemoteSwiftPackageReference "firebase-ios-sdk" */ = {
			isa = XCRemoteSwiftPackageReference;
			repositoryURL = "https://github.com/firebase/firebase-ios-sdk.git";
			requirement = {
				kind = upToNextMajorVersion;
				minimumVersion = 9.0.0;
			};
		};
/* End XCRemoteSwiftPackageReference section */

/* Begin XCSwiftPackageProductDependency section */
		40C4A67228C0E4710051D2EC /* FirebaseFirestore */ = {
			isa = XCSwiftPackageProductDependency;
			package = 40C4A67128C0E4710051D2EC /* XCRemoteSwiftPackageReference "firebase-ios-sdk" */;
			productName = FirebaseFirestore;
		};
/* End XCSwiftPackageProductDependency section */
	};
	rootObject = 40AC055A28BC64DC0033484F /* Project object */;
}
